
Microsoft Visual Studio Solution File, Format Version 12.00
# Visual Studio Version 17
VisualStudioVersion = 17.7.34009.444
MinimumVisualStudioVersion = 10.0.40219.1
Project("{FAE04EC0-301F-11D3-BF4B-00C04F79EFBC}") = "WebAPIExample", "WebAPIExample\WebAPIExample.csproj", "{7224D9AB-6CF1-4FC7-A5A0-1DC96E0963DD}"
EndProject
Global
	GlobalSection(SolutionConfigurationPlatforms) = preSolution
		Debug|Any CPU = Debug|Any CPU
		Release|Any CPU = Release|Any CPU
	EndGlobalSection
	GlobalSection(ProjectConfigurationPlatforms) = postSolution
		{7224D9AB-6CF1-4FC7-A5A0-1DC96E0963DD}.Debug|Any CPU.ActiveCfg = Debug|Any CPU
		{7224D9AB-6CF1-4FC7-A5A0-1DC96E0963DD}.Debug|Any CPU.Build.0 = Debug|Any CPU
		{7224D9AB-6CF1-4FC7-A5A0-1DC96E0963DD}.Release|Any CPU.ActiveCfg = Release|Any CPU
		{7224D9AB-6CF1-4FC7-A5A0-1DC96E0963DD}.Release|Any CPU.Build.0 = Release|Any CPU
	EndGlobalSection
	GlobalSection(SolutionProperties) = preSolution
		HideSolutionNode = FALSE
	EndGlobalSection
	GlobalSection(ExtensibilityGlobals) = postSolution
		SolutionGuid = {790DC590-6ABE-4344-BF7A-EDF4AD61B750}
	EndGlobalSection
EndGlobal
